{
  "version": 4,
  "terraform_version": "1.1.7",
  "serial": 36,
  "lineage": "bed796f3-5613-8899-2f57-8fed25e963a8",
  "outputs": {
    "resource_group_name": {
      "value": "rg-frank-dolphin",
      "type": "string"
    },
    "tls_private_key": {
      "value": "-----BEGIN RSA PRIVATE KEY-----\nMIIJKQIBAAKCAgEAr/2k2SWSTFm4xwE5XIYgzQ2ELT+u/NhmcZEyFSQRR/OLqrt3\nR5r7lfhI8MpD7lNIMXFGdNn5/Q6C9QgQLEnG5Ac2/nVEsp3Ub6kOVAoaGGKz+5SN\nJYTlQ2LNXgZz8uMbxbfZpcW5LYuk5D9HGftkiiuw+zpV00IRfhPlc2RQIWao5IfH\noyqG0d6je7MN7wSjjuG7YGYbgpsbzB0mKVtbZw+7d3MDNl856LoImGIrML6KoIUh\nEc4+Ll7JdEF4I5npVBP8Qo40M4UlAObMO3XQKPlKp/+bMJfibVshMXNFqWuIthee\nVQCWs4toA/8WFsBezd5VqtCEId4FS1o2osoMHJRbnWdr7YeAGTmEj5uKofC2Z7iz\n/k8v43ze8NBMMP1cIy4lKmYYdfN+fKVgFYN3ybsYD8TIXtUBzIxx5nEIWxD5TCof\nLvTu76pabKmvsE9Pd21QUzpT/sl2/V6AaiPg5vkxt33DDG9jxPz+GpJONc30Mu7K\ncGmoHNLyymtUgIj06jYvFmU8buhUz0uWPKB2ZWLPB7CyT0zQ/I1DJMATt9crAmGv\niDRjr7F8m5UGND3pZ5u1dsYMcQshYAeliq/vsIziGVdrNifVw5wP45yCLtTfIaYU\nHm4jxtMLISbgZCxcKML7qOvqCMk+JUPVtTxCJI1ntnlVJxDN7Cz9oYHoK1kCAwEA\nAQKCAgEAm+mNvYJ3lYR3GnaPJtT9AixTSPL+R6o/N6V2RRxq4t90gJEMHzfCYx5P\nIGNQwzas4oCD9smVmwbcJdA648GInkN2CQBDGCqTJUkUFIfOjoQDB4KXeQG/Sm+h\nmQcGecuRsxwpiZ8daqgoML2OdAovC+mhJTCNEFebv6JIyG26P5z/S1avGnJ2dj9T\nficm1PW7IL4CjmhnPtHDUpUQVdtFooxhfHU8B1NdrjwBmV5+/PQRRBwtK+UXWWVH\n++J0WLXl7EK4XQ42WN4/5giSLqs0+te/uA3OosIsKs1tHq4MrQdDWm6aKpwW5oE+\naSv3mbhbRO8P3gBUztwuvI7zkEyHZOD8Mwi998QOkbaazTEK3YYvhN9F/pPZgrLW\nHhmbFoHr8euk7Po6fKwNogCr8Kfh/KUQSQO87S1t115tlFEylLj12akUT1yaO6KF\n1/AwoutoCTRZs1yNvR4Kqvc4budTNCIHmagoys8+TsKsJEoOP9AeG1SifSxahNaA\nCdN9s6MR2RTKz+13b97UCB7ItE65NgJPUlX2d7iEwtfBG2Aj1UPmQSP3Rna8/8Ub\npqvWiJB8vICNACND/ZnAuLHlvW2e0xEha8A2ZPmrReRegZup1hRb6czNXYSBC22K\nDnL4a7btTDnq6dFyXPBKfbg1ZTMT6s6+Nctmrsn01PuQL3Z9lbECggEBAMN48kfc\nzyhVPwnPve2HLQs0G0ZCMoDCF403Fkp5xEJfs+sWTF+AlJ11Ym/OZXhcoVXoJ3qV\njNwQ1c1JXd1GDVByGal6D2Ii4btVERo7EQAC4eUn9p0pA75jOCL6JG9Dob2SgEBr\n30uKhtCN/EWUGKY3pLY/Hjn3mGT4Gd4Jyo5sVuICX0ye57iDZyL9zziR2Sl2iSE1\nCaQaw4mHXihQiSpNH7spI8G8riJEnVM53Kygpc9Z67lS8uST4jApGevwStkPUM07\ne/ue5Mnqh33mVfVI8q5F24wg0Iq8TPBbd/G3zpss+Ppw1fHWNIrEXPS5lv9W5wG3\nHW+bhu9HwBEYo6MCggEBAOZ8ZE6Omtyk0kwnBOFjvjDidZTpfWJrgp4v5pZuQ51B\nzSUmo52w8nfM0/OCnrB+WHXHhduoyiGZRQAlb1gZHzFOD0lKqV3hGB/eYweK+OM1\nADdHkBGMk3ZqoLu/Y5DfZMepCnpoCrHovKTHkRs+hhEeFxbHdHpCgrJakAOMrUM5\n8wzngTbQBEaI5/YCUs/WjvW4RxYyV8/YlQ83IdvBmz/WXhBcwi3ja00ZtijWLoNY\nZYipEnJ9NLhq4ItIqVR+8crxd7ziFZEmPZ72OapCqsvKC02PZJ0y2LqtRlZFS2ab\nPNQowp6CLtN+Pf78A/2PKJJh2Yfk5KRokCrng+Z2RNMCggEAI4wFE0h2a7FE63XZ\n5i4k5Nqu8xHquTuSqN2Rsi1+oUtiHqhJbzykyhWktwxjq4W82TCErWgw23w8RT7I\nUQsCNNTrEcTes0wAnN6VY53GM6hSiCfCU0Y4JhFJDiNLKOi1qxHPPOfhDY29goOv\nkr+h0+hejb3gs03xarsriRNiwI+3JRalWfuzy/wpb1WUr4bmZQHnYiCRBkTPtlzl\npJMwvn6T/Kc4l2zGhfjQW2g0VzhHrvN9SJBrF2JFSdjPm/ZwxhRg71GX9GQq2wVJ\nan3Ot/JyH3sYt9znz7L6kuMvZse0TMfa50BJx9baaznWZbKyYPDexZMVSUyRN0Zn\nCTTf3QKCAQEAr1Akl+A+iN/Rmd0ACFRu4Q4Ps8HZ/leaVapHsVqTkXTwjnaScyqZ\nc2hYO1u6SrL/pC6scYU0olPLuS3AQHlzUXR3ih8BLog9algkaSNa5q90x5dmTQLp\nU2QNeGE+YX6aUIgSkUK8B9DoVEn75IYtQa3qkAgMX8ZhVTovWpPRYlYcuk8I6OFW\nrzQJhAUGalJgESUm5QpL4qtxzc34sgfUh70NdVKo3HCkOFP7S5qGbJ97M3SutGjq\nBfA9dZRCQCQC1IPQuNoa33n/2v6cpBXrhfDbohYUyMFZOrz7yDkS/ivMG/AZAKoy\n5embTGzyuBYBHT7SUFxZUXi7V/cbS9vfwwKCAQA7o7ND97jtiIetzBhypmTooE+k\nFsjpIBm0BvnxH1n3E5R7qB2pzWEoC6FjNV0owoARNesV7rXr6X30NEfnzhnuBx0K\nbCTWv88Gpyninp+qLjrmqYwaxcvMozyIdHWmFRBYZ9wT4AvRqoVStgMeMFQzQtIi\nmAOkgYllKIWWOSsNVw3na6r/h1E0dCdtg87GMJGsYAhkN3qwtVMnu4fGbgrDTsoR\nstj8whtUaxRjYMLQmYeuKhO/izExmSPoNwThEW6yqR5j2jEYi2tExZN096OQZPA9\nhDJObMaAj/azwjd0s8CJNpjr/jwUCTv+Ixzm4ILFB3Is6Q8xRaRrxw8iTcFA\n-----END RSA PRIVATE KEY-----\n",
      "type": "string",
      "sensitive": true
    }
  },
  "resources": [
    {
      "mode": "managed",
      "type": "azurerm_network_interface",
      "name": "myterraformnic",
      "provider": "provider[\"registry.terraform.io/hashicorp/azurerm\"]",
      "instances": [
        {
          "schema_version": 0,
          "attributes": {
            "applied_dns_servers": [],
            "dns_servers": [],
            "enable_accelerated_networking": false,
            "enable_ip_forwarding": false,
            "id": "/subscriptions/45a04d63-1267-49f3-ad2c-6339a7824ece/resourceGroups/rg-frank-dolphin/providers/Microsoft.Network/networkInterfaces/myNIC",
            "internal_dns_name_label": "",
            "internal_domain_name_suffix": "e4gp0svm4y3utc5mcct4a45tyh.gx.internal.cloudapp.net",
            "ip_configuration": [
              {
                "gateway_load_balancer_frontend_ip_configuration_id": "",
                "name": "myNicConfiguration",
                "primary": true,
                "private_ip_address": "10.0.1.4",
                "private_ip_address_allocation": "Dynamic",
                "private_ip_address_version": "IPv4",
                "public_ip_address_id": "/subscriptions/45a04d63-1267-49f3-ad2c-6339a7824ece/resourceGroups/rg-frank-dolphin/providers/Microsoft.Network/publicIPAddresses/myPublicIP",
                "subnet_id": "/subscriptions/45a04d63-1267-49f3-ad2c-6339a7824ece/resourceGroups/rg-frank-dolphin/providers/Microsoft.Network/virtualNetworks/myVnet/subnets/mySubnet"
              }
            ],
            "location": "centralus",
            "mac_address": "",
            "name": "myNIC",
            "private_ip_address": "10.0.1.4",
            "private_ip_addresses": [
              "10.0.1.4"
            ],
            "resource_group_name": "rg-frank-dolphin",
            "tags": null,
            "timeouts": null,
            "virtual_machine_id": ""
          },
          "sensitive_attributes": [],
          "private": "eyJlMmJmYjczMC1lY2FhLTExZTYtOGY4OC0zNDM2M2JjN2M0YzAiOnsiY3JlYXRlIjoxODAwMDAwMDAwMDAwLCJkZWxldGUiOjE4MDAwMDAwMDAwMDAsInJlYWQiOjMwMDAwMDAwMDAwMCwidXBkYXRlIjoxODAwMDAwMDAwMDAwfX0=",
          "dependencies": [
            "azurerm_public_ip.myterraformpublicip",
            "azurerm_resource_group.rg",
            "azurerm_subnet.myterraformsubnet",
            "azurerm_virtual_network.myterraformnetwork",
            "random_pet.rg-name"
          ]
        }
      ]
    },
    {
      "mode": "managed",
      "type": "azurerm_network_interface_security_group_association",
      "name": "example",
      "provider": "provider[\"registry.terraform.io/hashicorp/azurerm\"]",
      "instances": [
        {
          "schema_version": 0,
          "attributes": {
            "id": "/subscriptions/45a04d63-1267-49f3-ad2c-6339a7824ece/resourceGroups/rg-frank-dolphin/providers/Microsoft.Network/networkInterfaces/myNIC|/subscriptions/45a04d63-1267-49f3-ad2c-6339a7824ece/resourceGroups/rg-frank-dolphin/providers/Microsoft.Network/networkSecurityGroups/myNetworkSecurityGroup",
            "network_interface_id": "/subscriptions/45a04d63-1267-49f3-ad2c-6339a7824ece/resourceGroups/rg-frank-dolphin/providers/Microsoft.Network/networkInterfaces/myNIC",
            "network_security_group_id": "/subscriptions/45a04d63-1267-49f3-ad2c-6339a7824ece/resourceGroups/rg-frank-dolphin/providers/Microsoft.Network/networkSecurityGroups/myNetworkSecurityGroup",
            "timeouts": null
          },
          "sensitive_attributes": [],
          "private": "eyJlMmJmYjczMC1lY2FhLTExZTYtOGY4OC0zNDM2M2JjN2M0YzAiOnsiY3JlYXRlIjoxODAwMDAwMDAwMDAwLCJkZWxldGUiOjE4MDAwMDAwMDAwMDAsInJlYWQiOjMwMDAwMDAwMDAwMCwidXBkYXRlIjoxODAwMDAwMDAwMDAwfX0=",
          "dependencies": [
            "azurerm_network_interface.myterraformnic",
            "azurerm_network_security_group.myterraformnsg",
            "azurerm_public_ip.myterraformpublicip",
            "azurerm_resource_group.rg",
            "azurerm_subnet.myterraformsubnet",
            "azurerm_virtual_network.myterraformnetwork",
            "random_pet.rg-name"
          ]
        }
      ]
    },
    {
      "mode": "managed",
      "type": "azurerm_network_security_group",
      "name": "myterraformnsg",
      "provider": "provider[\"registry.terraform.io/hashicorp/azurerm\"]",
      "instances": [
        {
          "schema_version": 0,
          "attributes": {
            "id": "/subscriptions/45a04d63-1267-49f3-ad2c-6339a7824ece/resourceGroups/rg-frank-dolphin/providers/Microsoft.Network/networkSecurityGroups/myNetworkSecurityGroup",
            "location": "centralus",
            "name": "myNetworkSecurityGroup",
            "resource_group_name": "rg-frank-dolphin",
            "security_rule": [
              {
                "access": "Allow",
                "description": "",
                "destination_address_prefix": "*",
                "destination_address_prefixes": [],
                "destination_application_security_group_ids": [],
                "destination_port_range": "22",
                "destination_port_ranges": [],
                "direction": "Inbound",
                "name": "SSH",
                "priority": 1001,
                "protocol": "Tcp",
                "source_address_prefix": "*",
                "source_address_prefixes": [],
                "source_application_security_group_ids": [],
                "source_port_range": "*",
                "source_port_ranges": []
              }
            ],
            "tags": null,
            "timeouts": null
          },
          "sensitive_attributes": [],
          "private": "eyJlMmJmYjczMC1lY2FhLTExZTYtOGY4OC0zNDM2M2JjN2M0YzAiOnsiY3JlYXRlIjoxODAwMDAwMDAwMDAwLCJkZWxldGUiOjE4MDAwMDAwMDAwMDAsInJlYWQiOjMwMDAwMDAwMDAwMCwidXBkYXRlIjoxODAwMDAwMDAwMDAwfX0=",
          "dependencies": [
            "azurerm_resource_group.rg",
            "random_pet.rg-name"
          ]
        }
      ]
    },
    {
      "mode": "managed",
      "type": "azurerm_public_ip",
      "name": "myterraformpublicip",
      "provider": "provider[\"registry.terraform.io/hashicorp/azurerm\"]",
      "instances": [
        {
          "schema_version": 0,
          "attributes": {
            "allocation_method": "Dynamic",
            "availability_zone": "No-Zone",
            "domain_name_label": null,
            "fqdn": null,
            "id": "/subscriptions/45a04d63-1267-49f3-ad2c-6339a7824ece/resourceGroups/rg-frank-dolphin/providers/Microsoft.Network/publicIPAddresses/myPublicIP",
            "idle_timeout_in_minutes": 4,
            "ip_address": "",
            "ip_tags": null,
            "ip_version": "IPv4",
            "location": "centralus",
            "name": "myPublicIP",
            "public_ip_prefix_id": null,
            "resource_group_name": "rg-frank-dolphin",
            "reverse_fqdn": null,
            "sku": "Basic",
            "sku_tier": "Regional",
            "tags": null,
            "timeouts": null,
            "zones": []
          },
          "sensitive_attributes": [],
          "private": "eyJlMmJmYjczMC1lY2FhLTExZTYtOGY4OC0zNDM2M2JjN2M0YzAiOnsiY3JlYXRlIjoxODAwMDAwMDAwMDAwLCJkZWxldGUiOjE4MDAwMDAwMDAwMDAsInJlYWQiOjMwMDAwMDAwMDAwMCwidXBkYXRlIjoxODAwMDAwMDAwMDAwfX0=",
          "dependencies": [
            "azurerm_resource_group.rg",
            "random_pet.rg-name"
          ]
        }
      ]
    },
    {
      "mode": "managed",
      "type": "azurerm_resource_group",
      "name": "rg",
      "provider": "provider[\"registry.terraform.io/hashicorp/azurerm\"]",
      "instances": [
        {
          "schema_version": 0,
          "attributes": {
            "id": "/subscriptions/45a04d63-1267-49f3-ad2c-6339a7824ece/resourceGroups/rg-frank-dolphin",
            "location": "centralus",
            "name": "rg-frank-dolphin",
            "tags": null,
            "timeouts": null
          },
          "sensitive_attributes": [],
          "private": "eyJlMmJmYjczMC1lY2FhLTExZTYtOGY4OC0zNDM2M2JjN2M0YzAiOnsiY3JlYXRlIjo1NDAwMDAwMDAwMDAwLCJkZWxldGUiOjU0MDAwMDAwMDAwMDAsInJlYWQiOjMwMDAwMDAwMDAwMCwidXBkYXRlIjo1NDAwMDAwMDAwMDAwfX0=",
          "dependencies": [
            "random_pet.rg-name"
          ]
        }
      ]
    },
    {
      "mode": "managed",
      "type": "azurerm_storage_account",
      "name": "mystorageaccount",
      "provider": "provider[\"registry.terraform.io/hashicorp/azurerm\"]",
      "instances": [
        {
          "schema_version": 2,
          "attributes": {
            "access_tier": "Hot",
            "account_kind": "StorageV2",
            "account_replication_type": "LRS",
            "account_tier": "Standard",
            "allow_blob_public_access": false,
            "azure_files_authentication": [],
            "blob_properties": [
              {
                "change_feed_enabled": false,
                "container_delete_retention_policy": [],
                "cors_rule": [],
                "default_service_version": "",
                "delete_retention_policy": [],
                "last_access_time_enabled": false,
                "versioning_enabled": false
              }
            ],
            "custom_domain": [],
            "customer_managed_key": [],
            "enable_https_traffic_only": true,
            "id": "/subscriptions/45a04d63-1267-49f3-ad2c-6339a7824ece/resourceGroups/rg-frank-dolphin/providers/Microsoft.Storage/storageAccounts/diagc61a85a756748ecd",
            "identity": [],
            "infrastructure_encryption_enabled": false,
            "is_hns_enabled": false,
            "large_file_share_enabled": null,
            "location": "centralus",
            "min_tls_version": "TLS1_0",
            "name": "diagc61a85a756748ecd",
            "network_rules": [
              {
                "bypass": [
                  "AzureServices"
                ],
                "default_action": "Allow",
                "ip_rules": [],
                "private_link_access": [],
                "virtual_network_subnet_ids": []
              }
            ],
            "nfsv3_enabled": false,
            "primary_access_key": "UotaIqA2BYjWYjl6wmpjN3V976Elax/7T+nXS+kYIyZRRrG6IxgywrmYKLSRhBAldgwTgwfuMji4tIW+dCP8eA==",
            "primary_blob_connection_string": "DefaultEndpointsProtocol=https;BlobEndpoint=https://diagc61a85a756748ecd.blob.core.windows.net/;AccountName=diagc61a85a756748ecd;AccountKey=UotaIqA2BYjWYjl6wmpjN3V976Elax/7T+nXS+kYIyZRRrG6IxgywrmYKLSRhBAldgwTgwfuMji4tIW+dCP8eA==",
            "primary_blob_endpoint": "https://diagc61a85a756748ecd.blob.core.windows.net/",
            "primary_blob_host": "diagc61a85a756748ecd.blob.core.windows.net",
            "primary_connection_string": "DefaultEndpointsProtocol=https;AccountName=diagc61a85a756748ecd;AccountKey=UotaIqA2BYjWYjl6wmpjN3V976Elax/7T+nXS+kYIyZRRrG6IxgywrmYKLSRhBAldgwTgwfuMji4tIW+dCP8eA==;EndpointSuffix=core.windows.net",
            "primary_dfs_endpoint": "https://diagc61a85a756748ecd.dfs.core.windows.net/",
            "primary_dfs_host": "diagc61a85a756748ecd.dfs.core.windows.net",
            "primary_file_endpoint": "https://diagc61a85a756748ecd.file.core.windows.net/",
            "primary_file_host": "diagc61a85a756748ecd.file.core.windows.net",
            "primary_location": "centralus",
            "primary_queue_endpoint": "https://diagc61a85a756748ecd.queue.core.windows.net/",
            "primary_queue_host": "diagc61a85a756748ecd.queue.core.windows.net",
            "primary_table_endpoint": "https://diagc61a85a756748ecd.table.core.windows.net/",
            "primary_table_host": "diagc61a85a756748ecd.table.core.windows.net",
            "primary_web_endpoint": "https://diagc61a85a756748ecd.z19.web.core.windows.net/",
            "primary_web_host": "diagc61a85a756748ecd.z19.web.core.windows.net",
            "queue_encryption_key_type": "Service",
            "queue_properties": [
              {
                "cors_rule": [],
                "hour_metrics": [
                  {
                    "enabled": true,
                    "include_apis": true,
                    "retention_policy_days": 7,
                    "version": "1.0"
                  }
                ],
                "logging": [
                  {
                    "delete": false,
                    "read": false,
                    "retention_policy_days": 0,
                    "version": "1.0",
                    "write": false
                  }
                ],
                "minute_metrics": [
                  {
                    "enabled": false,
                    "include_apis": false,
                    "retention_policy_days": 0,
                    "version": "1.0"
                  }
                ]
              }
            ],
            "resource_group_name": "rg-frank-dolphin",
            "routing": [],
            "secondary_access_key": "4Iqa1TDG08XRjy+IKB/nUsrX8l21iPWOXo1dAn+Fi5/HebSUqbCqnsAOL/t2sfsCbQwcsm4CPxLemjMQg3f2kA==",
            "secondary_blob_connection_string": "",
            "secondary_blob_endpoint": null,
            "secondary_blob_host": null,
            "secondary_connection_string": "DefaultEndpointsProtocol=https;AccountName=diagc61a85a756748ecd;AccountKey=4Iqa1TDG08XRjy+IKB/nUsrX8l21iPWOXo1dAn+Fi5/HebSUqbCqnsAOL/t2sfsCbQwcsm4CPxLemjMQg3f2kA==;EndpointSuffix=core.windows.net",
            "secondary_dfs_endpoint": null,
            "secondary_dfs_host": null,
            "secondary_file_endpoint": null,
            "secondary_file_host": null,
            "secondary_location": "",
            "secondary_queue_endpoint": null,
            "secondary_queue_host": null,
            "secondary_table_endpoint": null,
            "secondary_table_host": null,
            "secondary_web_endpoint": null,
            "secondary_web_host": null,
            "share_properties": [
              {
                "cors_rule": [],
                "retention_policy": [
                  {
                    "days": 7
                  }
                ],
                "smb": []
              }
            ],
            "shared_access_key_enabled": true,
            "static_website": [],
            "table_encryption_key_type": "Service",
            "tags": null,
            "timeouts": null
          },
          "sensitive_attributes": [],
          "private": "eyJlMmJmYjczMC1lY2FhLTExZTYtOGY4OC0zNDM2M2JjN2M0YzAiOnsiY3JlYXRlIjozNjAwMDAwMDAwMDAwLCJkZWxldGUiOjM2MDAwMDAwMDAwMDAsInJlYWQiOjMwMDAwMDAwMDAwMCwidXBkYXRlIjozNjAwMDAwMDAwMDAwfSwic2NoZW1hX3ZlcnNpb24iOiIyIn0=",
          "dependencies": [
            "azurerm_resource_group.rg",
            "random_id.randomId",
            "random_pet.rg-name"
          ]
        }
      ]
    },
    {
      "mode": "managed",
      "type": "azurerm_subnet",
      "name": "myterraformsubnet",
      "provider": "provider[\"registry.terraform.io/hashicorp/azurerm\"]",
      "instances": [
        {
          "schema_version": 0,
          "attributes": {
            "address_prefix": "10.0.1.0/24",
            "address_prefixes": [
              "10.0.1.0/24"
            ],
            "delegation": [],
            "enforce_private_link_endpoint_network_policies": false,
            "enforce_private_link_service_network_policies": false,
            "id": "/subscriptions/45a04d63-1267-49f3-ad2c-6339a7824ece/resourceGroups/rg-frank-dolphin/providers/Microsoft.Network/virtualNetworks/myVnet/subnets/mySubnet",
            "name": "mySubnet",
            "resource_group_name": "rg-frank-dolphin",
            "service_endpoint_policy_ids": null,
            "service_endpoints": null,
            "timeouts": null,
            "virtual_network_name": "myVnet"
          },
          "sensitive_attributes": [],
          "private": "eyJlMmJmYjczMC1lY2FhLTExZTYtOGY4OC0zNDM2M2JjN2M0YzAiOnsiY3JlYXRlIjoxODAwMDAwMDAwMDAwLCJkZWxldGUiOjE4MDAwMDAwMDAwMDAsInJlYWQiOjMwMDAwMDAwMDAwMCwidXBkYXRlIjoxODAwMDAwMDAwMDAwfX0=",
          "dependencies": [
            "azurerm_resource_group.rg",
            "azurerm_virtual_network.myterraformnetwork",
            "random_pet.rg-name"
          ]
        }
      ]
    },
    {
      "mode": "managed",
      "type": "azurerm_virtual_network",
      "name": "myterraformnetwork",
      "provider": "provider[\"registry.terraform.io/hashicorp/azurerm\"]",
      "instances": [
        {
          "schema_version": 0,
          "attributes": {
            "address_space": [
              "10.0.0.0/16"
            ],
            "bgp_community": "",
            "ddos_protection_plan": [],
            "dns_servers": [],
            "flow_timeout_in_minutes": 0,
            "guid": "4afd8c27-f6ac-493b-8bec-10a7e07bf3c7",
            "id": "/subscriptions/45a04d63-1267-49f3-ad2c-6339a7824ece/resourceGroups/rg-frank-dolphin/providers/Microsoft.Network/virtualNetworks/myVnet",
            "location": "centralus",
            "name": "myVnet",
            "resource_group_name": "rg-frank-dolphin",
            "subnet": [],
            "tags": null,
            "timeouts": null,
            "vm_protection_enabled": false
          },
          "sensitive_attributes": [],
          "private": "eyJlMmJmYjczMC1lY2FhLTExZTYtOGY4OC0zNDM2M2JjN2M0YzAiOnsiY3JlYXRlIjoxODAwMDAwMDAwMDAwLCJkZWxldGUiOjE4MDAwMDAwMDAwMDAsInJlYWQiOjMwMDAwMDAwMDAwMCwidXBkYXRlIjoxODAwMDAwMDAwMDAwfX0=",
          "dependencies": [
            "azurerm_resource_group.rg",
            "random_pet.rg-name"
          ]
        }
      ]
    },
    {
      "mode": "managed",
      "type": "random_id",
      "name": "randomId",
      "provider": "provider[\"registry.terraform.io/hashicorp/random\"]",
      "instances": [
        {
          "schema_version": 0,
          "attributes": {
            "b64_std": "xhqFp1Z0js0=",
            "b64_url": "xhqFp1Z0js0",
            "byte_length": 8,
            "dec": "14274868922660720333",
            "hex": "c61a85a756748ecd",
            "id": "xhqFp1Z0js0",
            "keepers": {
              "resource_group": "rg-frank-dolphin"
            },
            "prefix": null
          },
          "sensitive_attributes": [],
          "private": "bnVsbA==",
          "dependencies": [
            "azurerm_resource_group.rg",
            "random_pet.rg-name"
          ]
        }
      ]
    },
    {
      "mode": "managed",
      "type": "random_pet",
      "name": "rg-name",
      "provider": "provider[\"registry.terraform.io/hashicorp/random\"]",
      "instances": [
        {
          "schema_version": 0,
          "attributes": {
            "id": "rg-frank-dolphin",
            "keepers": null,
            "length": 2,
            "prefix": "rg",
            "separator": "-"
          },
          "sensitive_attributes": [],
          "private": "bnVsbA=="
        }
      ]
    },
    {
      "mode": "managed",
      "type": "tls_private_key",
      "name": "example_ssh",
      "provider": "provider[\"registry.terraform.io/hashicorp/tls\"]",
      "instances": [
        {
          "schema_version": 0,
          "attributes": {
            "algorithm": "RSA",
            "ecdsa_curve": "P224",
            "id": "9d41979ac91db482a0f4969561192847d4b382bf",
            "private_key_pem": "-----BEGIN RSA PRIVATE KEY-----\nMIIJKQIBAAKCAgEAr/2k2SWSTFm4xwE5XIYgzQ2ELT+u/NhmcZEyFSQRR/OLqrt3\nR5r7lfhI8MpD7lNIMXFGdNn5/Q6C9QgQLEnG5Ac2/nVEsp3Ub6kOVAoaGGKz+5SN\nJYTlQ2LNXgZz8uMbxbfZpcW5LYuk5D9HGftkiiuw+zpV00IRfhPlc2RQIWao5IfH\noyqG0d6je7MN7wSjjuG7YGYbgpsbzB0mKVtbZw+7d3MDNl856LoImGIrML6KoIUh\nEc4+Ll7JdEF4I5npVBP8Qo40M4UlAObMO3XQKPlKp/+bMJfibVshMXNFqWuIthee\nVQCWs4toA/8WFsBezd5VqtCEId4FS1o2osoMHJRbnWdr7YeAGTmEj5uKofC2Z7iz\n/k8v43ze8NBMMP1cIy4lKmYYdfN+fKVgFYN3ybsYD8TIXtUBzIxx5nEIWxD5TCof\nLvTu76pabKmvsE9Pd21QUzpT/sl2/V6AaiPg5vkxt33DDG9jxPz+GpJONc30Mu7K\ncGmoHNLyymtUgIj06jYvFmU8buhUz0uWPKB2ZWLPB7CyT0zQ/I1DJMATt9crAmGv\niDRjr7F8m5UGND3pZ5u1dsYMcQshYAeliq/vsIziGVdrNifVw5wP45yCLtTfIaYU\nHm4jxtMLISbgZCxcKML7qOvqCMk+JUPVtTxCJI1ntnlVJxDN7Cz9oYHoK1kCAwEA\nAQKCAgEAm+mNvYJ3lYR3GnaPJtT9AixTSPL+R6o/N6V2RRxq4t90gJEMHzfCYx5P\nIGNQwzas4oCD9smVmwbcJdA648GInkN2CQBDGCqTJUkUFIfOjoQDB4KXeQG/Sm+h\nmQcGecuRsxwpiZ8daqgoML2OdAovC+mhJTCNEFebv6JIyG26P5z/S1avGnJ2dj9T\nficm1PW7IL4CjmhnPtHDUpUQVdtFooxhfHU8B1NdrjwBmV5+/PQRRBwtK+UXWWVH\n++J0WLXl7EK4XQ42WN4/5giSLqs0+te/uA3OosIsKs1tHq4MrQdDWm6aKpwW5oE+\naSv3mbhbRO8P3gBUztwuvI7zkEyHZOD8Mwi998QOkbaazTEK3YYvhN9F/pPZgrLW\nHhmbFoHr8euk7Po6fKwNogCr8Kfh/KUQSQO87S1t115tlFEylLj12akUT1yaO6KF\n1/AwoutoCTRZs1yNvR4Kqvc4budTNCIHmagoys8+TsKsJEoOP9AeG1SifSxahNaA\nCdN9s6MR2RTKz+13b97UCB7ItE65NgJPUlX2d7iEwtfBG2Aj1UPmQSP3Rna8/8Ub\npqvWiJB8vICNACND/ZnAuLHlvW2e0xEha8A2ZPmrReRegZup1hRb6czNXYSBC22K\nDnL4a7btTDnq6dFyXPBKfbg1ZTMT6s6+Nctmrsn01PuQL3Z9lbECggEBAMN48kfc\nzyhVPwnPve2HLQs0G0ZCMoDCF403Fkp5xEJfs+sWTF+AlJ11Ym/OZXhcoVXoJ3qV\njNwQ1c1JXd1GDVByGal6D2Ii4btVERo7EQAC4eUn9p0pA75jOCL6JG9Dob2SgEBr\n30uKhtCN/EWUGKY3pLY/Hjn3mGT4Gd4Jyo5sVuICX0ye57iDZyL9zziR2Sl2iSE1\nCaQaw4mHXihQiSpNH7spI8G8riJEnVM53Kygpc9Z67lS8uST4jApGevwStkPUM07\ne/ue5Mnqh33mVfVI8q5F24wg0Iq8TPBbd/G3zpss+Ppw1fHWNIrEXPS5lv9W5wG3\nHW+bhu9HwBEYo6MCggEBAOZ8ZE6Omtyk0kwnBOFjvjDidZTpfWJrgp4v5pZuQ51B\nzSUmo52w8nfM0/OCnrB+WHXHhduoyiGZRQAlb1gZHzFOD0lKqV3hGB/eYweK+OM1\nADdHkBGMk3ZqoLu/Y5DfZMepCnpoCrHovKTHkRs+hhEeFxbHdHpCgrJakAOMrUM5\n8wzngTbQBEaI5/YCUs/WjvW4RxYyV8/YlQ83IdvBmz/WXhBcwi3ja00ZtijWLoNY\nZYipEnJ9NLhq4ItIqVR+8crxd7ziFZEmPZ72OapCqsvKC02PZJ0y2LqtRlZFS2ab\nPNQowp6CLtN+Pf78A/2PKJJh2Yfk5KRokCrng+Z2RNMCggEAI4wFE0h2a7FE63XZ\n5i4k5Nqu8xHquTuSqN2Rsi1+oUtiHqhJbzykyhWktwxjq4W82TCErWgw23w8RT7I\nUQsCNNTrEcTes0wAnN6VY53GM6hSiCfCU0Y4JhFJDiNLKOi1qxHPPOfhDY29goOv\nkr+h0+hejb3gs03xarsriRNiwI+3JRalWfuzy/wpb1WUr4bmZQHnYiCRBkTPtlzl\npJMwvn6T/Kc4l2zGhfjQW2g0VzhHrvN9SJBrF2JFSdjPm/ZwxhRg71GX9GQq2wVJ\nan3Ot/JyH3sYt9znz7L6kuMvZse0TMfa50BJx9baaznWZbKyYPDexZMVSUyRN0Zn\nCTTf3QKCAQEAr1Akl+A+iN/Rmd0ACFRu4Q4Ps8HZ/leaVapHsVqTkXTwjnaScyqZ\nc2hYO1u6SrL/pC6scYU0olPLuS3AQHlzUXR3ih8BLog9algkaSNa5q90x5dmTQLp\nU2QNeGE+YX6aUIgSkUK8B9DoVEn75IYtQa3qkAgMX8ZhVTovWpPRYlYcuk8I6OFW\nrzQJhAUGalJgESUm5QpL4qtxzc34sgfUh70NdVKo3HCkOFP7S5qGbJ97M3SutGjq\nBfA9dZRCQCQC1IPQuNoa33n/2v6cpBXrhfDbohYUyMFZOrz7yDkS/ivMG/AZAKoy\n5embTGzyuBYBHT7SUFxZUXi7V/cbS9vfwwKCAQA7o7ND97jtiIetzBhypmTooE+k\nFsjpIBm0BvnxH1n3E5R7qB2pzWEoC6FjNV0owoARNesV7rXr6X30NEfnzhnuBx0K\nbCTWv88Gpyninp+qLjrmqYwaxcvMozyIdHWmFRBYZ9wT4AvRqoVStgMeMFQzQtIi\nmAOkgYllKIWWOSsNVw3na6r/h1E0dCdtg87GMJGsYAhkN3qwtVMnu4fGbgrDTsoR\nstj8whtUaxRjYMLQmYeuKhO/izExmSPoNwThEW6yqR5j2jEYi2tExZN096OQZPA9\nhDJObMaAj/azwjd0s8CJNpjr/jwUCTv+Ixzm4ILFB3Is6Q8xRaRrxw8iTcFA\n-----END RSA PRIVATE KEY-----\n",
            "public_key_fingerprint_md5": "8e:2b:53:ca:94:92:fe:6c:4c:84:e9:94:84:7e:4c:47",
            "public_key_openssh": "ssh-rsa AAAAB3NzaC1yc2EAAAADAQABAAACAQCv/aTZJZJMWbjHATlchiDNDYQtP6782GZxkTIVJBFH84uqu3dHmvuV+EjwykPuU0gxcUZ02fn9DoL1CBAsScbkBzb+dUSyndRvqQ5UChoYYrP7lI0lhOVDYs1eBnPy4xvFt9mlxbkti6TkP0cZ+2SKK7D7OlXTQhF+E+VzZFAhZqjkh8ejKobR3qN7sw3vBKOO4btgZhuCmxvMHSYpW1tnD7t3cwM2XznougiYYiswvoqghSERzj4uXsl0QXgjmelUE/xCjjQzhSUA5sw7ddAo+Uqn/5swl+JtWyExc0Wpa4i2F55VAJazi2gD/xYWwF7N3lWq0IQh3gVLWjaiygwclFudZ2vth4AZOYSPm4qh8LZnuLP+Ty/jfN7w0Eww/VwjLiUqZhh18358pWAVg3fJuxgPxMhe1QHMjHHmcQhbEPlMKh8u9O7vqlpsqa+wT093bVBTOlP+yXb9XoBqI+Dm+TG3fcMMb2PE/P4akk41zfQy7spwaagc0vLKa1SAiPTqNi8WZTxu6FTPS5Y8oHZlYs8HsLJPTND8jUMkwBO31ysCYa+INGOvsXyblQY0Pelnm7V2xgxxCyFgB6WKr++wjOIZV2s2J9XDnA/jnIIu1N8hphQebiPG0wshJuBkLFwowvuo6+oIyT4lQ9W1PEIkjWe2eVUnEM3sLP2hgegrWQ==\n",
            "public_key_pem": "-----BEGIN PUBLIC KEY-----\nMIICIjANBgkqhkiG9w0BAQEFAAOCAg8AMIICCgKCAgEAr/2k2SWSTFm4xwE5XIYg\nzQ2ELT+u/NhmcZEyFSQRR/OLqrt3R5r7lfhI8MpD7lNIMXFGdNn5/Q6C9QgQLEnG\n5Ac2/nVEsp3Ub6kOVAoaGGKz+5SNJYTlQ2LNXgZz8uMbxbfZpcW5LYuk5D9HGftk\niiuw+zpV00IRfhPlc2RQIWao5IfHoyqG0d6je7MN7wSjjuG7YGYbgpsbzB0mKVtb\nZw+7d3MDNl856LoImGIrML6KoIUhEc4+Ll7JdEF4I5npVBP8Qo40M4UlAObMO3XQ\nKPlKp/+bMJfibVshMXNFqWuItheeVQCWs4toA/8WFsBezd5VqtCEId4FS1o2osoM\nHJRbnWdr7YeAGTmEj5uKofC2Z7iz/k8v43ze8NBMMP1cIy4lKmYYdfN+fKVgFYN3\nybsYD8TIXtUBzIxx5nEIWxD5TCofLvTu76pabKmvsE9Pd21QUzpT/sl2/V6AaiPg\n5vkxt33DDG9jxPz+GpJONc30Mu7KcGmoHNLyymtUgIj06jYvFmU8buhUz0uWPKB2\nZWLPB7CyT0zQ/I1DJMATt9crAmGviDRjr7F8m5UGND3pZ5u1dsYMcQshYAeliq/v\nsIziGVdrNifVw5wP45yCLtTfIaYUHm4jxtMLISbgZCxcKML7qOvqCMk+JUPVtTxC\nJI1ntnlVJxDN7Cz9oYHoK1kCAwEAAQ==\n-----END PUBLIC KEY-----\n",
            "rsa_bits": 4096
          },
          "sensitive_attributes": [],
          "private": "bnVsbA=="
        }
      ]
    }
  ]
}
